
Microsoft Visual Studio Solution File, Format Version 11.00
# Visual Studio 2010
Project("{8BC9CEB8-8B4A-11D0-8D11-00A0C91BC942}") = "Section", "Section\Section.vcxproj", "{30E9595A-8D12-4096-A699-C7F78DBED791}"
EndProject
Global
	GlobalSection(SolutionConfigurationPlatforms) = preSolution
		Debug|Win32 = Debug|Win32
		Release|Win32 = Release|Win32
	EndGlobalSection
	GlobalSection(ProjectConfigurationPlatforms) = postSolution
		{30E9595A-8D12-4096-A699-C7F78DBED791}.Debug|Win32.ActiveCfg = Debug|Win32
		{30E9595A-8D12-4096-A699-C7F78DBED791}.Debug|Win32.Build.0 = Debug|Win32
		{30E9595A-8D12-4096-A699-C7F78DBED791}.Release|Win32.ActiveCfg = Release|Win32
		{30E9595A-8D12-4096-A699-C7F78DBED791}.Release|Win32.Build.0 = Release|Win32
	EndGlobalSection
	GlobalSection(SolutionProperties) = preSolution
		HideSolutionNode = FALSE
	EndGlobalSection
EndGlobal
